
Microsoft Visual Studio Solution File, Format Version 12.00
# Visual Studio Version 16
VisualStudioVersion = 16.0.29926.136
MinimumVisualStudioVersion = 10.0.40219.1
Project("{FAE04EC0-301F-11D3-BF4B-00C04F79EFBC}") = "BooksAndNews.Domain", "BooksAndNews.Domain\BooksAndNews.Domain.csproj", "{DAEBCA55-AAF0-41CA-98A1-4F786F09DF92}"
EndProject
Project("{FAE04EC0-301F-11D3-BF4B-00C04F79EFBC}") = "BooksAndNews.DataAccess", "BooksAndNews.DataAccess\BooksAndNews.DataAccess.csproj", "{F441B459-B73A-4D20-A58C-9CCC4FF593F5}"
EndProject
Project("{FAE04EC0-301F-11D3-BF4B-00C04F79EFBC}") = "BooksAndNews.Application", "BooksAndNews.Application\BooksAndNews.Application.csproj", "{C77011D0-6396-4282-B6F7-4488D27839E9}"
EndProject
Project("{FAE04EC0-301F-11D3-BF4B-00C04F79EFBC}") = "BooksAndNews", "BooksAndNews\BooksAndNews.csproj", "{74FD8652-FF74-43F3-9853-8A3206E6EBDC}"
EndProject
Global
	GlobalSection(SolutionConfigurationPlatforms) = preSolution
		Debug|Any CPU = Debug|Any CPU
		Release|Any CPU = Release|Any CPU
	EndGlobalSection
	GlobalSection(ProjectConfigurationPlatforms) = postSolution
		{3A54CC4A-9075-4E1C-BD1B-051E5C77DE01}.Debug|Any CPU.ActiveCfg = Debug|Any CPU
		{3A54CC4A-9075-4E1C-BD1B-051E5C77DE01}.Debug|Any CPU.Build.0 = Debug|Any CPU
		{3A54CC4A-9075-4E1C-BD1B-051E5C77DE01}.Release|Any CPU.ActiveCfg = Release|Any CPU
		{3A54CC4A-9075-4E1C-BD1B-051E5C77DE01}.Release|Any CPU.Build.0 = Release|Any CPU
		{DAEBCA55-AAF0-41CA-98A1-4F786F09DF92}.Debug|Any CPU.ActiveCfg = Debug|Any CPU
		{DAEBCA55-AAF0-41CA-98A1-4F786F09DF92}.Debug|Any CPU.Build.0 = Debug|Any CPU
		{DAEBCA55-AAF0-41CA-98A1-4F786F09DF92}.Release|Any CPU.ActiveCfg = Release|Any CPU
		{DAEBCA55-AAF0-41CA-98A1-4F786F09DF92}.Release|Any CPU.Build.0 = Release|Any CPU
		{F441B459-B73A-4D20-A58C-9CCC4FF593F5}.Debug|Any CPU.ActiveCfg = Debug|Any CPU
		{F441B459-B73A-4D20-A58C-9CCC4FF593F5}.Debug|Any CPU.Build.0 = Debug|Any CPU
		{F441B459-B73A-4D20-A58C-9CCC4FF593F5}.Release|Any CPU.ActiveCfg = Release|Any CPU
		{F441B459-B73A-4D20-A58C-9CCC4FF593F5}.Release|Any CPU.Build.0 = Release|Any CPU
		{C77011D0-6396-4282-B6F7-4488D27839E9}.Debug|Any CPU.ActiveCfg = Debug|Any CPU
		{C77011D0-6396-4282-B6F7-4488D27839E9}.Debug|Any CPU.Build.0 = Debug|Any CPU
		{C77011D0-6396-4282-B6F7-4488D27839E9}.Release|Any CPU.ActiveCfg = Release|Any CPU
		{C77011D0-6396-4282-B6F7-4488D27839E9}.Release|Any CPU.Build.0 = Release|Any CPU
		{74FD8652-FF74-43F3-9853-8A3206E6EBDC}.Debug|Any CPU.ActiveCfg = Debug|Any CPU
		{74FD8652-FF74-43F3-9853-8A3206E6EBDC}.Debug|Any CPU.Build.0 = Debug|Any CPU
		{74FD8652-FF74-43F3-9853-8A3206E6EBDC}.Release|Any CPU.ActiveCfg = Release|Any CPU
		{74FD8652-FF74-43F3-9853-8A3206E6EBDC}.Release|Any CPU.Build.0 = Release|Any CPU
	EndGlobalSection
	GlobalSection(SolutionProperties) = preSolution
		HideSolutionNode = FALSE
	EndGlobalSection
	GlobalSection(ExtensibilityGlobals) = postSolution
		SolutionGuid = {98CFE948-E5FE-4E58-95CB-30D3900A7E78}
	EndGlobalSection
EndGlobal
