
Microsoft Visual Studio Solution File, Format Version 12.00
# Visual Studio Version 17
VisualStudioVersion = 17.1.32414.318
MinimumVisualStudioVersion = 10.0.40219.1
Project("{9A19103F-16F7-4668-BE54-9A1E7A4F7556}") = "VendingMachine", "VendingMachine\VendingMachine.csproj", "{64B0725D-D1CE-4714-A1D4-431A4BB5E9F3}"
EndProject
Project("{9A19103F-16F7-4668-BE54-9A1E7A4F7556}") = "VendingMachine.Test", "VendingMachine.Test\VendingMachine.Test.csproj", "{1ED965D6-CF68-4874-BEFD-DF49A4606110}"
EndProject
Project("{9A19103F-16F7-4668-BE54-9A1E7A4F7556}") = "VendingMachine.Business", "VendingMachine.Business\VendingMachine.Business.csproj", "{5BB5A1E0-004A-4CAD-A42C-F09FED6F3097}"
EndProject
Project("{9A19103F-16F7-4668-BE54-9A1E7A4F7556}") = "VendingMachine.DataAccess", "VendingMachine.DataAccess\VendingMachine.DataAccess.csproj", "{2F4C319B-CDC6-4CDB-A8F5-8848CEA8384E}"
EndProject
Project("{9A19103F-16F7-4668-BE54-9A1E7A4F7556}") = "VendingMachine.Presentation", "VendingMachine.Presentation\VendingMachine.Presentation.csproj", "{A7F8F437-94FB-4146-A883-3526C4E8DA1F}"
EndProject
Project("{9A19103F-16F7-4668-BE54-9A1E7A4F7556}") = "VendingMachine.Domain", "VendingMachine.Domain\VendingMachine.Domain.csproj", "{2BD56637-9BB5-4B6E-857A-432CEB55CD2E}"
EndProject
Global
	GlobalSection(SolutionConfigurationPlatforms) = preSolution
		Debug|Any CPU = Debug|Any CPU
		Release|Any CPU = Release|Any CPU
	EndGlobalSection
	GlobalSection(ProjectConfigurationPlatforms) = postSolution
		{64B0725D-D1CE-4714-A1D4-431A4BB5E9F3}.Debug|Any CPU.ActiveCfg = Debug|Any CPU
		{64B0725D-D1CE-4714-A1D4-431A4BB5E9F3}.Debug|Any CPU.Build.0 = Debug|Any CPU
		{64B0725D-D1CE-4714-A1D4-431A4BB5E9F3}.Release|Any CPU.ActiveCfg = Release|Any CPU
		{64B0725D-D1CE-4714-A1D4-431A4BB5E9F3}.Release|Any CPU.Build.0 = Release|Any CPU
		{1ED965D6-CF68-4874-BEFD-DF49A4606110}.Debug|Any CPU.ActiveCfg = Debug|Any CPU
		{1ED965D6-CF68-4874-BEFD-DF49A4606110}.Debug|Any CPU.Build.0 = Debug|Any CPU
		{1ED965D6-CF68-4874-BEFD-DF49A4606110}.Release|Any CPU.ActiveCfg = Release|Any CPU
		{1ED965D6-CF68-4874-BEFD-DF49A4606110}.Release|Any CPU.Build.0 = Release|Any CPU
		{5BB5A1E0-004A-4CAD-A42C-F09FED6F3097}.Debug|Any CPU.ActiveCfg = Debug|Any CPU
		{5BB5A1E0-004A-4CAD-A42C-F09FED6F3097}.Debug|Any CPU.Build.0 = Debug|Any CPU
		{5BB5A1E0-004A-4CAD-A42C-F09FED6F3097}.Release|Any CPU.ActiveCfg = Release|Any CPU
		{5BB5A1E0-004A-4CAD-A42C-F09FED6F3097}.Release|Any CPU.Build.0 = Release|Any CPU
		{2F4C319B-CDC6-4CDB-A8F5-8848CEA8384E}.Debug|Any CPU.ActiveCfg = Debug|Any CPU
		{2F4C319B-CDC6-4CDB-A8F5-8848CEA8384E}.Debug|Any CPU.Build.0 = Debug|Any CPU
		{2F4C319B-CDC6-4CDB-A8F5-8848CEA8384E}.Release|Any CPU.ActiveCfg = Release|Any CPU
		{2F4C319B-CDC6-4CDB-A8F5-8848CEA8384E}.Release|Any CPU.Build.0 = Release|Any CPU
		{A7F8F437-94FB-4146-A883-3526C4E8DA1F}.Debug|Any CPU.ActiveCfg = Debug|Any CPU
		{A7F8F437-94FB-4146-A883-3526C4E8DA1F}.Debug|Any CPU.Build.0 = Debug|Any CPU
		{A7F8F437-94FB-4146-A883-3526C4E8DA1F}.Release|Any CPU.ActiveCfg = Release|Any CPU
		{A7F8F437-94FB-4146-A883-3526C4E8DA1F}.Release|Any CPU.Build.0 = Release|Any CPU
		{2BD56637-9BB5-4B6E-857A-432CEB55CD2E}.Debug|Any CPU.ActiveCfg = Debug|Any CPU
		{2BD56637-9BB5-4B6E-857A-432CEB55CD2E}.Debug|Any CPU.Build.0 = Debug|Any CPU
		{2BD56637-9BB5-4B6E-857A-432CEB55CD2E}.Release|Any CPU.ActiveCfg = Release|Any CPU
		{2BD56637-9BB5-4B6E-857A-432CEB55CD2E}.Release|Any CPU.Build.0 = Release|Any CPU
	EndGlobalSection
	GlobalSection(SolutionProperties) = preSolution
		HideSolutionNode = FALSE
	EndGlobalSection
	GlobalSection(ExtensibilityGlobals) = postSolution
		SolutionGuid = {A694FF81-EE0C-4F90-8719-9FB87339045C}
	EndGlobalSection
EndGlobal
