
Microsoft Visual Studio Solution File, Format Version 12.00
Project("{FAE04EC0-301F-11D3-BF4B-00C04F79EFBC}") = "Custom-Hash-Table", "Custom-Hash-Table.csproj", "{36691ADA-FCD0-4923-85BF-C743EC42FB0B}"
EndProject
Project("{FAE04EC0-301F-11D3-BF4B-00C04F79EFBC}") = "UnitTests", "..\UnitTests\UnitTests.csproj", "{38AA5FF4-F88B-45D3-882A-E123BC03CC94}"
EndProject
Global
	GlobalSection(SolutionConfigurationPlatforms) = preSolution
		Debug|Any CPU = Debug|Any CPU
		Release|Any CPU = Release|Any CPU
	EndGlobalSection
	GlobalSection(ProjectConfigurationPlatforms) = postSolution
		{36691ADA-FCD0-4923-85BF-C743EC42FB0B}.Debug|Any CPU.ActiveCfg = Debug|Any CPU
		{36691ADA-FCD0-4923-85BF-C743EC42FB0B}.Debug|Any CPU.Build.0 = Debug|Any CPU
		{36691ADA-FCD0-4923-85BF-C743EC42FB0B}.Release|Any CPU.ActiveCfg = Release|Any CPU
		{36691ADA-FCD0-4923-85BF-C743EC42FB0B}.Release|Any CPU.Build.0 = Release|Any CPU
		{38AA5FF4-F88B-45D3-882A-E123BC03CC94}.Debug|Any CPU.ActiveCfg = Debug|Any CPU
		{38AA5FF4-F88B-45D3-882A-E123BC03CC94}.Debug|Any CPU.Build.0 = Debug|Any CPU
		{38AA5FF4-F88B-45D3-882A-E123BC03CC94}.Release|Any CPU.ActiveCfg = Release|Any CPU
		{38AA5FF4-F88B-45D3-882A-E123BC03CC94}.Release|Any CPU.Build.0 = Release|Any CPU
	EndGlobalSection
EndGlobal
