
Microsoft Visual Studio Solution File, Format Version 12.00
Project("{FAE04EC0-301F-11D3-BF4B-00C04F79EFBC}") = "BoxingBenchmarking", "BoxingBenchmarking.csproj", "{5BC65AAC-22DD-4D04-9E66-72FBDA739F03}"
EndProject
Global
	GlobalSection(SolutionConfigurationPlatforms) = preSolution
		Debug|Any CPU = Debug|Any CPU
		Release|Any CPU = Release|Any CPU
	EndGlobalSection
	GlobalSection(ProjectConfigurationPlatforms) = postSolution
		{5BC65AAC-22DD-4D04-9E66-72FBDA739F03}.Debug|Any CPU.ActiveCfg = Debug|Any CPU
		{5BC65AAC-22DD-4D04-9E66-72FBDA739F03}.Debug|Any CPU.Build.0 = Debug|Any CPU
		{5BC65AAC-22DD-4D04-9E66-72FBDA739F03}.Release|Any CPU.ActiveCfg = Release|Any CPU
		{5BC65AAC-22DD-4D04-9E66-72FBDA739F03}.Release|Any CPU.Build.0 = Release|Any CPU
	EndGlobalSection
EndGlobal
